
Microsoft Visual Studio Solution File, Format Version 12.00
# Visual Studio 15
VisualStudioVersion = 15.0.28010.2026
MinimumVisualStudioVersion = 10.0.40219.1
Project("{FAE04EC0-301F-11D3-BF4B-00C04F79EFBC}") = "RADtestExam", "RADtestExam\RADtestExam.csproj", "{A1B742C2-456F-44AD-AABF-92E8D4FA3AFD}"
EndProject
Project("{FAE04EC0-301F-11D3-BF4B-00C04F79EFBC}") = "RADTestExam.Classes", "RADTestExam.Classes\RADTestExam.Classes.csproj", "{0E58BE4A-C537-4C5C-8B4E-43E8958124BC}"
EndProject
Global
	GlobalSection(SolutionConfigurationPlatforms) = preSolution
		Debug|Any CPU = Debug|Any CPU
		Release|Any CPU = Release|Any CPU
	EndGlobalSection
	GlobalSection(ProjectConfigurationPlatforms) = postSolution
		{A1B742C2-456F-44AD-AABF-92E8D4FA3AFD}.Debug|Any CPU.ActiveCfg = Debug|Any CPU
		{A1B742C2-456F-44AD-AABF-92E8D4FA3AFD}.Debug|Any CPU.Build.0 = Debug|Any CPU
		{A1B742C2-456F-44AD-AABF-92E8D4FA3AFD}.Release|Any CPU.ActiveCfg = Release|Any CPU
		{A1B742C2-456F-44AD-AABF-92E8D4FA3AFD}.Release|Any CPU.Build.0 = Release|Any CPU
		{0E58BE4A-C537-4C5C-8B4E-43E8958124BC}.Debug|Any CPU.ActiveCfg = Debug|Any CPU
		{0E58BE4A-C537-4C5C-8B4E-43E8958124BC}.Debug|Any CPU.Build.0 = Debug|Any CPU
		{0E58BE4A-C537-4C5C-8B4E-43E8958124BC}.Release|Any CPU.ActiveCfg = Release|Any CPU
		{0E58BE4A-C537-4C5C-8B4E-43E8958124BC}.Release|Any CPU.Build.0 = Release|Any CPU
	EndGlobalSection
	GlobalSection(SolutionProperties) = preSolution
		HideSolutionNode = FALSE
	EndGlobalSection
	GlobalSection(ExtensibilityGlobals) = postSolution
		SolutionGuid = {0085AC28-C18B-4310-ABD5-2917DE2A2CBF}
	EndGlobalSection
EndGlobal
